
Microsoft Visual Studio Solution File, Format Version 12.00
Project("{FAE04EC0-301F-11D3-BF4B-00C04F79EFBC}") = "Service", "Service\Service.csproj", "{DCBC353E-ACC7-4EAD-8ACB-7E5BD1A35865}"
EndProject
Global
	GlobalSection(SolutionConfigurationPlatforms) = preSolution
		Debug|Any CPU = Debug|Any CPU
		Release|Any CPU = Release|Any CPU
	EndGlobalSection
	GlobalSection(ProjectConfigurationPlatforms) = postSolution
		{DCBC353E-ACC7-4EAD-8ACB-7E5BD1A35865}.Debug|Any CPU.ActiveCfg = Debug|Any CPU
		{DCBC353E-ACC7-4EAD-8ACB-7E5BD1A35865}.Debug|Any CPU.Build.0 = Debug|Any CPU
		{DCBC353E-ACC7-4EAD-8ACB-7E5BD1A35865}.Release|Any CPU.ActiveCfg = Release|Any CPU
		{DCBC353E-ACC7-4EAD-8ACB-7E5BD1A35865}.Release|Any CPU.Build.0 = Release|Any CPU
	EndGlobalSection
EndGlobal
